name: Generate frontend lockfile

on:
  push:
    branches: [codex/project-workspace-readme-codex-ui]
    paths:
      - web/package.json
      - .github/workflows/update-frontend-lock.yml

permissions:
  contents: read

jobs:
  lockfile:
    runs-on: ubuntu-24.04
    defaults:
      run:
        working-directory: web
    steps:
      - name: Check out source
        uses: actions/checkout@11bd71901bbe5b1630ceea73d27597364c9af683 # v4.2.2
      - name: Set up Node.js
        uses: actions/setup-node@49933ea5288caeca8642d1e84afbd3f7d6820020 # v4.4.0
        with:
          node-version: 22
      - name: Generate lockfile
        run: npm install --package-lock-only --ignore-scripts
      - name: Upload lockfile
        uses: actions/upload-artifact@ea165f8d65b6e75b540449e92b4886f43607fa02 # v4.6.2
        with:
          name: frontend-lockfile
          path: web/package-lock.json
